
Microsoft Visual Studio Solution File, Format Version 12.00
# Visual Studio Version 17
VisualStudioVersion = 17.5.002.0
MinimumVisualStudioVersion = 10.0.40219.1
Project("{9A19103F-16F7-4668-BE54-9A1E7A4F7556}") = "cards-be", "cards-be\cards-be.csproj", "{3341619B-7FC5-4B28-BCD3-41AFCB5E4F6C}"
EndProject
Global
	GlobalSection(SolutionConfigurationPlatforms) = preSolution
		Debug|Any CPU = Debug|Any CPU
		Release|Any CPU = Release|Any CPU
	EndGlobalSection
	GlobalSection(ProjectConfigurationPlatforms) = postSolution
		{3341619B-7FC5-4B28-BCD3-41AFCB5E4F6C}.Debug|Any CPU.ActiveCfg = Debug|Any CPU
		{3341619B-7FC5-4B28-BCD3-41AFCB5E4F6C}.Debug|Any CPU.Build.0 = Debug|Any CPU
		{3341619B-7FC5-4B28-BCD3-41AFCB5E4F6C}.Release|Any CPU.ActiveCfg = Release|Any CPU
		{3341619B-7FC5-4B28-BCD3-41AFCB5E4F6C}.Release|Any CPU.Build.0 = Release|Any CPU
	EndGlobalSection
	GlobalSection(SolutionProperties) = preSolution
		HideSolutionNode = FALSE
	EndGlobalSection
	GlobalSection(ExtensibilityGlobals) = postSolution
		SolutionGuid = {18E3F96D-5059-4011-9060-A6A84C23EAE5}
	EndGlobalSection
EndGlobal
